
Microsoft Visual Studio Solution File, Format Version 12.00
# Visual Studio 15
VisualStudioVersion = 15.0.28010.2048
MinimumVisualStudioVersion = 10.0.40219.1
Project("{FAE04EC0-301F-11D3-BF4B-00C04F79EFBC}") = "Inventory", "Inventory\Inventory.csproj", "{04CE9703-82A3-468F-A3BE-10304003A733}"
EndProject
Global
	GlobalSection(SolutionConfigurationPlatforms) = preSolution
		Debug|Any CPU = Debug|Any CPU
		Release|Any CPU = Release|Any CPU
	EndGlobalSection
	GlobalSection(ProjectConfigurationPlatforms) = postSolution
		{04CE9703-82A3-468F-A3BE-10304003A733}.Debug|Any CPU.ActiveCfg = Debug|Any CPU
		{04CE9703-82A3-468F-A3BE-10304003A733}.Debug|Any CPU.Build.0 = Debug|Any CPU
		{04CE9703-82A3-468F-A3BE-10304003A733}.Release|Any CPU.ActiveCfg = Release|Any CPU
		{04CE9703-82A3-468F-A3BE-10304003A733}.Release|Any CPU.Build.0 = Release|Any CPU
	EndGlobalSection
	GlobalSection(SolutionProperties) = preSolution
		HideSolutionNode = FALSE
	EndGlobalSection
	GlobalSection(ExtensibilityGlobals) = postSolution
		SolutionGuid = {2CCDC4F1-11D3-45E5-89FC-8DF0AF5CBB90}
	EndGlobalSection
EndGlobal
